Microsoft Visual Studio Solution File, Format Version 12.00
# Visual Studio Version 16
VisualStudioVersion = 16.0.29503.13
MinimumVisualStudioVersion = 10.0.40219.1
Project("{2150E333-8FDC-42A3-9474-1A3956D46DE8}") = "Feature", "Feature", "{60DA3F20-DEED-4580-AE38-A296D76ADE79}"
EndProject
Project("{2150E333-8FDC-42A3-9474-1A3956D46DE8}") = "Configuration", "Configuration", "{48A68BF7-0608-4AA9-9F36-809E2731150A}"
	ProjectSection(SolutionItems) = preProject
		.gitattributes = .gitattributes
		.gitignore = .gitignore
		NuGet.config = NuGet.config
		README.md = README.md
	EndProjectSection
EndProject
Project("{2150E333-8FDC-42A3-9474-1A3956D46DE8}") = "ManageChildItems", "ManageChildItems", "{A4E0EEBC-A5DD-4796-AFF2-63E1ADE902C6}"
EndProject
Project("{9A19103F-16F7-4668-BE54-9A1E7A4F7556}") = "My.Feature.ManageChildItems", "src\Feature\ManageChildItems\website\My.Feature.ManageChildItems.csproj", "{0A65064D-BC0C-4FD7-9227-994292779B1C}"
EndProject
Global
	GlobalSection(SolutionConfigurationPlatforms) = preSolution
		Debug|Any CPU = Debug|Any CPU
		Release|Any CPU = Release|Any CPU
	EndGlobalSection
	GlobalSection(ProjectConfigurationPlatforms) = postSolution
		{0A65064D-BC0C-4FD7-9227-994292779B1C}.Debug|Any CPU.ActiveCfg = Debug|Any CPU
		{0A65064D-BC0C-4FD7-9227-994292779B1C}.Debug|Any CPU.Build.0 = Debug|Any CPU
		{0A65064D-BC0C-4FD7-9227-994292779B1C}.Release|Any CPU.ActiveCfg = Release|Any CPU
		{0A65064D-BC0C-4FD7-9227-994292779B1C}.Release|Any CPU.Build.0 = Release|Any CPU
	EndGlobalSection
	GlobalSection(SolutionProperties) = preSolution
		HideSolutionNode = FALSE
	EndGlobalSection
	GlobalSection(NestedProjects) = preSolution
		{A4E0EEBC-A5DD-4796-AFF2-63E1ADE902C6} = {60DA3F20-DEED-4580-AE38-A296D76ADE79}
		{0A65064D-BC0C-4FD7-9227-994292779B1C} = {A4E0EEBC-A5DD-4796-AFF2-63E1ADE902C6}
	EndGlobalSection
	GlobalSection(ExtensibilityGlobals) = postSolution
		SolutionGuid = {845F548C-FD53-4C61-AB7F-953C2225A13B}
	EndGlobalSection
EndGlobal
